
Microsoft Visual Studio Solution File, Format Version 12.00
# Visual Studio Version 17
VisualStudioVersion = 17.10.35013.160
MinimumVisualStudioVersion = 10.0.40219.1
Project("{FAE04EC0-301F-11D3-BF4B-00C04F79EFBC}") = "DBFirst", "DBFirst\DBFirst.csproj", "{B228C30D-22A3-45CB-AE2D-02ACD2B92F0B}"
EndProject
Global
	GlobalSection(SolutionConfigurationPlatforms) = preSolution
		Debug|Any CPU = Debug|Any CPU
		Release|Any CPU = Release|Any CPU
	EndGlobalSection
	GlobalSection(ProjectConfigurationPlatforms) = postSolution
		{B228C30D-22A3-45CB-AE2D-02ACD2B92F0B}.Debug|Any CPU.ActiveCfg = Debug|Any CPU
		{B228C30D-22A3-45CB-AE2D-02ACD2B92F0B}.Debug|Any CPU.Build.0 = Debug|Any CPU
		{B228C30D-22A3-45CB-AE2D-02ACD2B92F0B}.Release|Any CPU.ActiveCfg = Release|Any CPU
		{B228C30D-22A3-45CB-AE2D-02ACD2B92F0B}.Release|Any CPU.Build.0 = Release|Any CPU
	EndGlobalSection
	GlobalSection(SolutionProperties) = preSolution
		HideSolutionNode = FALSE
	EndGlobalSection
	GlobalSection(ExtensibilityGlobals) = postSolution
		SolutionGuid = {83C46C52-C475-4C00-A7F0-B8BB2243E6D8}
	EndGlobalSection
EndGlobal
