
Microsoft Visual Studio Solution File, Format Version 12.00
# Visual Studio Version 17
VisualStudioVersion = 17.10.35013.160
MinimumVisualStudioVersion = 10.0.40219.1
Project("{FAE04EC0-301F-11D3-BF4B-00C04F79EFBC}") = "23-7-2024", "23-7-2024\23-7-2024.csproj", "{A720AE0D-C979-43A6-A25A-A6F0C223E906}"
EndProject
Global
	GlobalSection(SolutionConfigurationPlatforms) = preSolution
		Debug|Any CPU = Debug|Any CPU
		Release|Any CPU = Release|Any CPU
	EndGlobalSection
	GlobalSection(ProjectConfigurationPlatforms) = postSolution
		{A720AE0D-C979-43A6-A25A-A6F0C223E906}.Debug|Any CPU.ActiveCfg = Debug|Any CPU
		{A720AE0D-C979-43A6-A25A-A6F0C223E906}.Debug|Any CPU.Build.0 = Debug|Any CPU
		{A720AE0D-C979-43A6-A25A-A6F0C223E906}.Release|Any CPU.ActiveCfg = Release|Any CPU
		{A720AE0D-C979-43A6-A25A-A6F0C223E906}.Release|Any CPU.Build.0 = Release|Any CPU
	EndGlobalSection
	GlobalSection(SolutionProperties) = preSolution
		HideSolutionNode = FALSE
	EndGlobalSection
	GlobalSection(ExtensibilityGlobals) = postSolution
		SolutionGuid = {7B3E59E2-AA50-476A-823B-443A578E61A7}
	EndGlobalSection
EndGlobal
